
Microsoft Visual Studio Solution File, Format Version 12.00
# Visual Studio Version 17
VisualStudioVersion = 17.9.34728.123
MinimumVisualStudioVersion = 10.0.40219.1
Project("{FAE04EC0-301F-11D3-BF4B-00C04F79EFBC}") = "OnlineStore", "OnlineStore\OnlineStore.csproj", "{71452F0C-0754-4E1B-8457-06AA76C01586}"
EndProject
Global
	GlobalSection(SolutionConfigurationPlatforms) = preSolution
		Debug|Any CPU = Debug|Any CPU
		Release|Any CPU = Release|Any CPU
	EndGlobalSection
	GlobalSection(ProjectConfigurationPlatforms) = postSolution
		{71452F0C-0754-4E1B-8457-06AA76C01586}.Debug|Any CPU.ActiveCfg = Debug|Any CPU
		{71452F0C-0754-4E1B-8457-06AA76C01586}.Debug|Any CPU.Build.0 = Debug|Any CPU
		{71452F0C-0754-4E1B-8457-06AA76C01586}.Release|Any CPU.ActiveCfg = Release|Any CPU
		{71452F0C-0754-4E1B-8457-06AA76C01586}.Release|Any CPU.Build.0 = Release|Any CPU
	EndGlobalSection
	GlobalSection(SolutionProperties) = preSolution
		HideSolutionNode = FALSE
	EndGlobalSection
	GlobalSection(ExtensibilityGlobals) = postSolution
		SolutionGuid = {05B4B94F-AAE5-451D-AC98-3F553E3ED8CD}
	EndGlobalSection
EndGlobal
